{
  "pins" : [
    {
      "identity" : "jimmykit",
      "kind" : "remoteSourceControl",
      "location" : "https://github.com/Jimmy-Jung/JimmyKit.git",
      "state" : {
        "branch" : "main",
        "revision" : "2e21dcf13f4ca8ae5bec87e24b0dc5eb9eec12c6"
      }
    },
    {
      "identity" : "snapkit",
      "kind" : "remoteSourceControl",
      "location" : "https://github.com/SnapKit/SnapKit.git",
      "state" : {
        "revision" : "f222cbdf325885926566172f6f5f06af95473158",
        "version" : "5.6.0"
      }
    }
  ],
  "version" : 2
}
